{
  "requires": true,
  "lockfileVersion": 1,
  "dependencies": {
    "nouislider": {
      "version": "15.5.0",
      "resolved": "https://registry.npmjs.org/nouislider/-/nouislider-15.5.0.tgz",
      "integrity": "sha512-p0Rn0a4XzrBJ+JZRhNDYpRYr6sDPkajsjbvEQoTp/AZlNI3NirO15s1t11D25Gk3zVyvNJAzc1DO48cq/KX5Sw=="
    }
  }
}
